
Microsoft Visual Studio Solution File, Format Version 12.00
# Visual Studio 15
VisualStudioVersion = 15.0.26228.64
MinimumVisualStudioVersion = 10.0.40219.1
Project("{FAE04EC0-301F-11D3-BF4B-00C04F79EFBC}") = "minecraft checklist", "minecraft checklist\minecraft checklist.csproj", "{23CB65DF-D08B-4BFC-B23C-C7D3C6E59385}"
EndProject
Global
	GlobalSection(SolutionConfigurationPlatforms) = preSolution
		Debug|Any CPU = Debug|Any CPU
		Release|Any CPU = Release|Any CPU
	EndGlobalSection
	GlobalSection(ProjectConfigurationPlatforms) = postSolution
		{23CB65DF-D08B-4BFC-B23C-C7D3C6E59385}.Debug|Any CPU.ActiveCfg = Debug|Any CPU
		{23CB65DF-D08B-4BFC-B23C-C7D3C6E59385}.Debug|Any CPU.Build.0 = Debug|Any CPU
		{23CB65DF-D08B-4BFC-B23C-C7D3C6E59385}.Release|Any CPU.ActiveCfg = Release|Any CPU
		{23CB65DF-D08B-4BFC-B23C-C7D3C6E59385}.Release|Any CPU.Build.0 = Release|Any CPU
	EndGlobalSection
	GlobalSection(SolutionProperties) = preSolution
		HideSolutionNode = FALSE
	EndGlobalSection
EndGlobal
